
Microsoft Visual Studio Solution File, Format Version 12.00
# Visual Studio 15
VisualStudioVersion = 15.0.28307.572
MinimumVisualStudioVersion = 10.0.40219.1
Project("{FAE04EC0-301F-11D3-BF4B-00C04F79EFBC}") = "Gestione Ricevimenti.Android", "Gestione Ricevimenti\Gestione Ricevimenti.Android\Gestione Ricevimenti.Android.csproj", "{2D8EE250-D61A-4FA8-A9D5-ECA58A474738}"
EndProject
Project("{9A19103F-16F7-4668-BE54-9A1E7A4F7556}") = "Gestione Ricevimenti", "Gestione Ricevimenti\Gestione Ricevimenti\Gestione Ricevimenti.csproj", "{46252BA4-6CEA-43EA-858A-3106A47ADEBC}"
EndProject
Global
	GlobalSection(SolutionConfigurationPlatforms) = preSolution
		Ad-Hoc|Any CPU = Ad-Hoc|Any CPU
		Ad-Hoc|iPhone = Ad-Hoc|iPhone
		Ad-Hoc|iPhoneSimulator = Ad-Hoc|iPhoneSimulator
		AppStore|Any CPU = AppStore|Any CPU
		AppStore|iPhone = AppStore|iPhone
		AppStore|iPhoneSimulator = AppStore|iPhoneSimulator
		Debug|Any CPU = Debug|Any CPU
		Debug|iPhone = Debug|iPhone
		Debug|iPhoneSimulator = Debug|iPhoneSimulator
		Release|Any CPU = Release|Any CPU
		Release|iPhone = Release|iPhone
		Release|iPhoneSimulator = Release|iPhoneSimulator
	EndGlobalSection
	GlobalSection(ProjectConfigurationPlatforms) = postSolution
		{2D8EE250-D61A-4FA8-A9D5-ECA58A474738}.Ad-Hoc|Any CPU.ActiveCfg = Release|Any CPU
		{2D8EE250-D61A-4FA8-A9D5-ECA58A474738}.Ad-Hoc|Any CPU.Build.0 = Release|Any CPU
		{2D8EE250-D61A-4FA8-A9D5-ECA58A474738}.Ad-Hoc|Any CPU.Deploy.0 = Release|Any CPU
		{2D8EE250-D61A-4FA8-A9D5-ECA58A474738}.Ad-Hoc|iPhone.ActiveCfg = Release|Any CPU
		{2D8EE250-D61A-4FA8-A9D5-ECA58A474738}.Ad-Hoc|iPhone.Build.0 = Release|Any CPU
		{2D8EE250-D61A-4FA8-A9D5-ECA58A474738}.Ad-Hoc|iPhone.Deploy.0 = Release|Any CPU
		{2D8EE250-D61A-4FA8-A9D5-ECA58A474738}.Ad-Hoc|iPhoneSimulator.ActiveCfg = Release|Any CPU
		{2D8EE250-D61A-4FA8-A9D5-ECA58A474738}.Ad-Hoc|iPhoneSimulator.Build.0 = Release|Any CPU
		{2D8EE250-D61A-4FA8-A9D5-ECA58A474738}.Ad-Hoc|iPhoneSimulator.Deploy.0 = Release|Any CPU
		{2D8EE250-D61A-4FA8-A9D5-ECA58A474738}.AppStore|Any CPU.ActiveCfg = Release|Any CPU
		{2D8EE250-D61A-4FA8-A9D5-ECA58A474738}.AppStore|Any CPU.Build.0 = Release|Any CPU
		{2D8EE250-D61A-4FA8-A9D5-ECA58A474738}.AppStore|Any CPU.Deploy.0 = Release|Any CPU
		{2D8EE250-D61A-4FA8-A9D5-ECA58A474738}.AppStore|iPhone.ActiveCfg = Release|Any CPU
		{2D8EE250-D61A-4FA8-A9D5-ECA58A474738}.AppStore|iPhone.Build.0 = Release|Any CPU
		{2D8EE250-D61A-4FA8-A9D5-ECA58A474738}.AppStore|iPhone.Deploy.0 = Release|Any CPU
		{2D8EE250-D61A-4FA8-A9D5-ECA58A474738}.AppStore|iPhoneSimulator.ActiveCfg = Release|Any CPU
		{2D8EE250-D61A-4FA8-A9D5-ECA58A474738}.AppStore|iPhoneSimulator.Build.0 = Release|Any CPU
		{2D8EE250-D61A-4FA8-A9D5-ECA58A474738}.AppStore|iPhoneSimulator.Deploy.0 = Release|Any CPU
		{2D8EE250-D61A-4FA8-A9D5-ECA58A474738}.Debug|Any CPU.ActiveCfg = Debug|Any CPU
		{2D8EE250-D61A-4FA8-A9D5-ECA58A474738}.Debug|Any CPU.Build.0 = Debug|Any CPU
		{2D8EE250-D61A-4FA8-A9D5-ECA58A474738}.Debug|Any CPU.Deploy.0 = Debug|Any CPU
		{2D8EE250-D61A-4FA8-A9D5-ECA58A474738}.Debug|iPhone.ActiveCfg = Debug|Any CPU
		{2D8EE250-D61A-4FA8-A9D5-ECA58A474738}.Debug|iPhone.Build.0 = Debug|Any CPU
		{2D8EE250-D61A-4FA8-A9D5-ECA58A474738}.Debug|iPhone.Deploy.0 = Debug|Any CPU
		{2D8EE250-D61A-4FA8-A9D5-ECA58A474738}.Debug|iPhoneSimulator.ActiveCfg = Debug|Any CPU
		{2D8EE250-D61A-4FA8-A9D5-ECA58A474738}.Debug|iPhoneSimulator.Build.0 = Debug|Any CPU
		{2D8EE250-D61A-4FA8-A9D5-ECA58A474738}.Debug|iPhoneSimulator.Deploy.0 = Debug|Any CPU
		{2D8EE250-D61A-4FA8-A9D5-ECA58A474738}.Release|Any CPU.ActiveCfg = Release|Any CPU
		{2D8EE250-D61A-4FA8-A9D5-ECA58A474738}.Release|Any CPU.Build.0 = Release|Any CPU
		{2D8EE250-D61A-4FA8-A9D5-ECA58A474738}.Release|Any CPU.Deploy.0 = Release|Any CPU
		{2D8EE250-D61A-4FA8-A9D5-ECA58A474738}.Release|iPhone.ActiveCfg = Release|Any CPU
		{2D8EE250-D61A-4FA8-A9D5-ECA58A474738}.Release|iPhone.Build.0 = Release|Any CPU
		{2D8EE250-D61A-4FA8-A9D5-ECA58A474738}.Release|iPhone.Deploy.0 = Release|Any CPU
		{2D8EE250-D61A-4FA8-A9D5-ECA58A474738}.Release|iPhoneSimulator.ActiveCfg = Release|Any CPU
		{2D8EE250-D61A-4FA8-A9D5-ECA58A474738}.Release|iPhoneSimulator.Build.0 = Release|Any CPU
		{2D8EE250-D61A-4FA8-A9D5-ECA58A474738}.Release|iPhoneSimulator.Deploy.0 = Release|Any CPU
		{46252BA4-6CEA-43EA-858A-3106A47ADEBC}.Ad-Hoc|Any CPU.ActiveCfg = Debug|Any CPU
		{46252BA4-6CEA-43EA-858A-3106A47ADEBC}.Ad-Hoc|Any CPU.Build.0 = Debug|Any CPU
		{46252BA4-6CEA-43EA-858A-3106A47ADEBC}.Ad-Hoc|Any CPU.Deploy.0 = Debug|Any CPU
		{46252BA4-6CEA-43EA-858A-3106A47ADEBC}.Ad-Hoc|iPhone.ActiveCfg = Debug|Any CPU
		{46252BA4-6CEA-43EA-858A-3106A47ADEBC}.Ad-Hoc|iPhone.Build.0 = Debug|Any CPU
		{46252BA4-6CEA-43EA-858A-3106A47ADEBC}.Ad-Hoc|iPhone.Deploy.0 = Debug|Any CPU
		{46252BA4-6CEA-43EA-858A-3106A47ADEBC}.Ad-Hoc|iPhoneSimulator.ActiveCfg = Debug|Any CPU
		{46252BA4-6CEA-43EA-858A-3106A47ADEBC}.Ad-Hoc|iPhoneSimulator.Build.0 = Debug|Any CPU
		{46252BA4-6CEA-43EA-858A-3106A47ADEBC}.Ad-Hoc|iPhoneSimulator.Deploy.0 = Debug|Any CPU
		{46252BA4-6CEA-43EA-858A-3106A47ADEBC}.AppStore|Any CPU.ActiveCfg = Debug|Any CPU
		{46252BA4-6CEA-43EA-858A-3106A47ADEBC}.AppStore|Any CPU.Build.0 = Debug|Any CPU
		{46252BA4-6CEA-43EA-858A-3106A47ADEBC}.AppStore|Any CPU.Deploy.0 = Debug|Any CPU
		{46252BA4-6CEA-43EA-858A-3106A47ADEBC}.AppStore|iPhone.ActiveCfg = Debug|Any CPU
		{46252BA4-6CEA-43EA-858A-3106A47ADEBC}.AppStore|iPhone.Build.0 = Debug|Any CPU
		{46252BA4-6CEA-43EA-858A-3106A47ADEBC}.AppStore|iPhone.Deploy.0 = Debug|Any CPU
		{46252BA4-6CEA-43EA-858A-3106A47ADEBC}.AppStore|iPhoneSimulator.ActiveCfg = Debug|Any CPU
		{46252BA4-6CEA-43EA-858A-3106A47ADEBC}.AppStore|iPhoneSimulator.Build.0 = Debug|Any CPU
		{46252BA4-6CEA-43EA-858A-3106A47ADEBC}.AppStore|iPhoneSimulator.Deploy.0 = Debug|Any CPU
		{46252BA4-6CEA-43EA-858A-3106A47ADEBC}.Debug|Any CPU.ActiveCfg = Debug|Any CPU
		{46252BA4-6CEA-43EA-858A-3106A47ADEBC}.Debug|Any CPU.Build.0 = Debug|Any CPU
		{46252BA4-6CEA-43EA-858A-3106A47ADEBC}.Debug|Any CPU.Deploy.0 = Debug|Any CPU
		{46252BA4-6CEA-43EA-858A-3106A47ADEBC}.Debug|iPhone.ActiveCfg = Debug|Any CPU
		{46252BA4-6CEA-43EA-858A-3106A47ADEBC}.Debug|iPhone.Build.0 = Debug|Any CPU
		{46252BA4-6CEA-43EA-858A-3106A47ADEBC}.Debug|iPhone.Deploy.0 = Debug|Any CPU
		{46252BA4-6CEA-43EA-858A-3106A47ADEBC}.Debug|iPhoneSimulator.ActiveCfg = Debug|Any CPU
		{46252BA4-6CEA-43EA-858A-3106A47ADEBC}.Debug|iPhoneSimulator.Build.0 = Debug|Any CPU
		{46252BA4-6CEA-43EA-858A-3106A47ADEBC}.Debug|iPhoneSimulator.Deploy.0 = Debug|Any CPU
		{46252BA4-6CEA-43EA-858A-3106A47ADEBC}.Release|Any CPU.ActiveCfg = Release|Any CPU
		{46252BA4-6CEA-43EA-858A-3106A47ADEBC}.Release|Any CPU.Build.0 = Release|Any CPU
		{46252BA4-6CEA-43EA-858A-3106A47ADEBC}.Release|Any CPU.Deploy.0 = Release|Any CPU
		{46252BA4-6CEA-43EA-858A-3106A47ADEBC}.Release|iPhone.ActiveCfg = Release|Any CPU
		{46252BA4-6CEA-43EA-858A-3106A47ADEBC}.Release|iPhone.Build.0 = Release|Any CPU
		{46252BA4-6CEA-43EA-858A-3106A47ADEBC}.Release|iPhone.Deploy.0 = Release|Any CPU
		{46252BA4-6CEA-43EA-858A-3106A47ADEBC}.Release|iPhoneSimulator.ActiveCfg = Release|Any CPU
		{46252BA4-6CEA-43EA-858A-3106A47ADEBC}.Release|iPhoneSimulator.Build.0 = Release|Any CPU
		{46252BA4-6CEA-43EA-858A-3106A47ADEBC}.Release|iPhoneSimulator.Deploy.0 = Release|Any CPU
	EndGlobalSection
	GlobalSection(SolutionProperties) = preSolution
		HideSolutionNode = FALSE
	EndGlobalSection
	GlobalSection(ExtensibilityGlobals) = postSolution
		SolutionGuid = {8307DE2A-8228-42C2-8D6D-B62DDF409EBB}
	EndGlobalSection
EndGlobal
